
Microsoft Visual Studio Solution File, Format Version 12.00
# Visual Studio 15
VisualStudioVersion = 15.0.28307.572
MinimumVisualStudioVersion = 10.0.40219.1
Project("{FAE04EC0-301F-11D3-BF4B-00C04F79EFBC}") = "BasarServer", "BasarServer\BasarServer.csproj", "{123D5A99-E046-45BB-BE60-A40668659994}"
EndProject
Project("{FAE04EC0-301F-11D3-BF4B-00C04F79EFBC}") = "BasarClient", "BasarClient\BasarClient.csproj", "{188DE71C-3BCF-4E0D-8624-EA4D6705E266}"
EndProject
Project("{FAE04EC0-301F-11D3-BF4B-00C04F79EFBC}") = "CustomDataObjects", "BaseImplementation\CustomDataObjects.csproj", "{B20F7830-8AFF-4681-AA9E-BB988898E8F2}"
EndProject
Project("{FAE04EC0-301F-11D3-BF4B-00C04F79EFBC}") = "DataBase", "DataBase\DataBase.csproj", "{D4CCEEDC-6C32-4C63-BEF3-22082ECBD751}"
EndProject
Project("{FAE04EC0-301F-11D3-BF4B-00C04F79EFBC}") = "BasarAdministration", "BasarAdministration\BasarAdministration.csproj", "{B305E0E7-9C54-47BE-A50E-C4A4E2001F6F}"
EndProject
Project("{FAE04EC0-301F-11D3-BF4B-00C04F79EFBC}") = "Configurations", "Configurations\Configurations.csproj", "{491B9B2B-54CE-4277-985B-634F5172BD6D}"
EndProject
Project("{2150E333-8FDC-42A3-9474-1A3956D46DE8}") = "Shared", "Shared", "{69766B2F-1628-47A2-A749-EA6B67AAE64C}"
EndProject
Project("{2150E333-8FDC-42A3-9474-1A3956D46DE8}") = "Applications", "Applications", "{57DF0B22-CE7B-47B1-85F2-20DDD40A4629}"
EndProject
Project("{FAE04EC0-301F-11D3-BF4B-00C04F79EFBC}") = "Helper", "Helper\Helper.csproj", "{3E54EC8B-ED5F-429A-84CC-4894B0DFF0B0}"
EndProject
Global
	GlobalSection(SolutionConfigurationPlatforms) = preSolution
		Ad-Hoc|Any CPU = Ad-Hoc|Any CPU
		Ad-Hoc|ARM = Ad-Hoc|ARM
		Ad-Hoc|iPhone = Ad-Hoc|iPhone
		Ad-Hoc|iPhoneSimulator = Ad-Hoc|iPhoneSimulator
		Ad-Hoc|x64 = Ad-Hoc|x64
		Ad-Hoc|x86 = Ad-Hoc|x86
		AppStore|Any CPU = AppStore|Any CPU
		AppStore|ARM = AppStore|ARM
		AppStore|iPhone = AppStore|iPhone
		AppStore|iPhoneSimulator = AppStore|iPhoneSimulator
		AppStore|x64 = AppStore|x64
		AppStore|x86 = AppStore|x86
		Debug|Any CPU = Debug|Any CPU
		Debug|ARM = Debug|ARM
		Debug|iPhone = Debug|iPhone
		Debug|iPhoneSimulator = Debug|iPhoneSimulator
		Debug|x64 = Debug|x64
		Debug|x86 = Debug|x86
		Release|Any CPU = Release|Any CPU
		Release|ARM = Release|ARM
		Release|iPhone = Release|iPhone
		Release|iPhoneSimulator = Release|iPhoneSimulator
		Release|x64 = Release|x64
		Release|x86 = Release|x86
	EndGlobalSection
	GlobalSection(ProjectConfigurationPlatforms) = postSolution
		{123D5A99-E046-45BB-BE60-A40668659994}.Ad-Hoc|Any CPU.ActiveCfg = Release|Any CPU
		{123D5A99-E046-45BB-BE60-A40668659994}.Ad-Hoc|Any CPU.Build.0 = Release|Any CPU
		{123D5A99-E046-45BB-BE60-A40668659994}.Ad-Hoc|ARM.ActiveCfg = Release|Any CPU
		{123D5A99-E046-45BB-BE60-A40668659994}.Ad-Hoc|ARM.Build.0 = Release|Any CPU
		{123D5A99-E046-45BB-BE60-A40668659994}.Ad-Hoc|iPhone.ActiveCfg = Release|Any CPU
		{123D5A99-E046-45BB-BE60-A40668659994}.Ad-Hoc|iPhone.Build.0 = Release|Any CPU
		{123D5A99-E046-45BB-BE60-A40668659994}.Ad-Hoc|iPhoneSimulator.ActiveCfg = Release|Any CPU
		{123D5A99-E046-45BB-BE60-A40668659994}.Ad-Hoc|iPhoneSimulator.Build.0 = Release|Any CPU
		{123D5A99-E046-45BB-BE60-A40668659994}.Ad-Hoc|x64.ActiveCfg = Release|Any CPU
		{123D5A99-E046-45BB-BE60-A40668659994}.Ad-Hoc|x64.Build.0 = Release|Any CPU
		{123D5A99-E046-45BB-BE60-A40668659994}.Ad-Hoc|x86.ActiveCfg = Release|Any CPU
		{123D5A99-E046-45BB-BE60-A40668659994}.Ad-Hoc|x86.Build.0 = Release|Any CPU
		{123D5A99-E046-45BB-BE60-A40668659994}.AppStore|Any CPU.ActiveCfg = Release|Any CPU
		{123D5A99-E046-45BB-BE60-A40668659994}.AppStore|Any CPU.Build.0 = Release|Any CPU
		{123D5A99-E046-45BB-BE60-A40668659994}.AppStore|ARM.ActiveCfg = Release|Any CPU
		{123D5A99-E046-45BB-BE60-A40668659994}.AppStore|ARM.Build.0 = Release|Any CPU
		{123D5A99-E046-45BB-BE60-A40668659994}.AppStore|iPhone.ActiveCfg = Release|Any CPU
		{123D5A99-E046-45BB-BE60-A40668659994}.AppStore|iPhone.Build.0 = Release|Any CPU
		{123D5A99-E046-45BB-BE60-A40668659994}.AppStore|iPhoneSimulator.ActiveCfg = Release|Any CPU
		{123D5A99-E046-45BB-BE60-A40668659994}.AppStore|iPhoneSimulator.Build.0 = Release|Any CPU
		{123D5A99-E046-45BB-BE60-A40668659994}.AppStore|x64.ActiveCfg = Release|Any CPU
		{123D5A99-E046-45BB-BE60-A40668659994}.AppStore|x64.Build.0 = Release|Any CPU
		{123D5A99-E046-45BB-BE60-A40668659994}.AppStore|x86.ActiveCfg = Release|Any CPU
		{123D5A99-E046-45BB-BE60-A40668659994}.AppStore|x86.Build.0 = Release|Any CPU
		{123D5A99-E046-45BB-BE60-A40668659994}.Debug|Any CPU.ActiveCfg = Debug|Any CPU
		{123D5A99-E046-45BB-BE60-A40668659994}.Debug|Any CPU.Build.0 = Debug|Any CPU
		{123D5A99-E046-45BB-BE60-A40668659994}.Debug|ARM.ActiveCfg = Debug|Any CPU
		{123D5A99-E046-45BB-BE60-A40668659994}.Debug|ARM.Build.0 = Debug|Any CPU
		{123D5A99-E046-45BB-BE60-A40668659994}.Debug|iPhone.ActiveCfg = Debug|Any CPU
		{123D5A99-E046-45BB-BE60-A40668659994}.Debug|iPhone.Build.0 = Debug|Any CPU
		{123D5A99-E046-45BB-BE60-A40668659994}.Debug|iPhoneSimulator.ActiveCfg = Debug|Any CPU
		{123D5A99-E046-45BB-BE60-A40668659994}.Debug|iPhoneSimulator.Build.0 = Debug|Any CPU
		{123D5A99-E046-45BB-BE60-A40668659994}.Debug|x64.ActiveCfg = Debug|Any CPU
		{123D5A99-E046-45BB-BE60-A40668659994}.Debug|x64.Build.0 = Debug|Any CPU
		{123D5A99-E046-45BB-BE60-A40668659994}.Debug|x86.ActiveCfg = Debug|Any CPU
		{123D5A99-E046-45BB-BE60-A40668659994}.Debug|x86.Build.0 = Debug|Any CPU
		{123D5A99-E046-45BB-BE60-A40668659994}.Release|Any CPU.ActiveCfg = Release|Any CPU
		{123D5A99-E046-45BB-BE60-A40668659994}.Release|Any CPU.Build.0 = Release|Any CPU
		{123D5A99-E046-45BB-BE60-A40668659994}.Release|ARM.ActiveCfg = Release|Any CPU
		{123D5A99-E046-45BB-BE60-A40668659994}.Release|ARM.Build.0 = Release|Any CPU
		{123D5A99-E046-45BB-BE60-A40668659994}.Release|iPhone.ActiveCfg = Release|Any CPU
		{123D5A99-E046-45BB-BE60-A40668659994}.Release|iPhone.Build.0 = Release|Any CPU
		{123D5A99-E046-45BB-BE60-A40668659994}.Release|iPhoneSimulator.ActiveCfg = Release|Any CPU
		{123D5A99-E046-45BB-BE60-A40668659994}.Release|iPhoneSimulator.Build.0 = Release|Any CPU
		{123D5A99-E046-45BB-BE60-A40668659994}.Release|x64.ActiveCfg = Release|Any CPU
		{123D5A99-E046-45BB-BE60-A40668659994}.Release|x64.Build.0 = Release|Any CPU
		{123D5A99-E046-45BB-BE60-A40668659994}.Release|x86.ActiveCfg = Release|Any CPU
		{123D5A99-E046-45BB-BE60-A40668659994}.Release|x86.Build.0 = Release|Any CPU
		{188DE71C-3BCF-4E0D-8624-EA4D6705E266}.Ad-Hoc|Any CPU.ActiveCfg = Release|Any CPU
		{188DE71C-3BCF-4E0D-8624-EA4D6705E266}.Ad-Hoc|Any CPU.Build.0 = Release|Any CPU
		{188DE71C-3BCF-4E0D-8624-EA4D6705E266}.Ad-Hoc|ARM.ActiveCfg = Release|Any CPU
		{188DE71C-3BCF-4E0D-8624-EA4D6705E266}.Ad-Hoc|ARM.Build.0 = Release|Any CPU
		{188DE71C-3BCF-4E0D-8624-EA4D6705E266}.Ad-Hoc|iPhone.ActiveCfg = Release|Any CPU
		{188DE71C-3BCF-4E0D-8624-EA4D6705E266}.Ad-Hoc|iPhone.Build.0 = Release|Any CPU
		{188DE71C-3BCF-4E0D-8624-EA4D6705E266}.Ad-Hoc|iPhoneSimulator.ActiveCfg = Release|Any CPU
		{188DE71C-3BCF-4E0D-8624-EA4D6705E266}.Ad-Hoc|iPhoneSimulator.Build.0 = Release|Any CPU
		{188DE71C-3BCF-4E0D-8624-EA4D6705E266}.Ad-Hoc|x64.ActiveCfg = Release|Any CPU
		{188DE71C-3BCF-4E0D-8624-EA4D6705E266}.Ad-Hoc|x64.Build.0 = Release|Any CPU
		{188DE71C-3BCF-4E0D-8624-EA4D6705E266}.Ad-Hoc|x86.ActiveCfg = Release|Any CPU
		{188DE71C-3BCF-4E0D-8624-EA4D6705E266}.Ad-Hoc|x86.Build.0 = Release|Any CPU
		{188DE71C-3BCF-4E0D-8624-EA4D6705E266}.AppStore|Any CPU.ActiveCfg = Release|Any CPU
		{188DE71C-3BCF-4E0D-8624-EA4D6705E266}.AppStore|Any CPU.Build.0 = Release|Any CPU
		{188DE71C-3BCF-4E0D-8624-EA4D6705E266}.AppStore|ARM.ActiveCfg = Release|Any CPU
		{188DE71C-3BCF-4E0D-8624-EA4D6705E266}.AppStore|ARM.Build.0 = Release|Any CPU
		{188DE71C-3BCF-4E0D-8624-EA4D6705E266}.AppStore|iPhone.ActiveCfg = Release|Any CPU
		{188DE71C-3BCF-4E0D-8624-EA4D6705E266}.AppStore|iPhone.Build.0 = Release|Any CPU
		{188DE71C-3BCF-4E0D-8624-EA4D6705E266}.AppStore|iPhoneSimulator.ActiveCfg = Release|Any CPU
		{188DE71C-3BCF-4E0D-8624-EA4D6705E266}.AppStore|iPhoneSimulator.Build.0 = Release|Any CPU
		{188DE71C-3BCF-4E0D-8624-EA4D6705E266}.AppStore|x64.ActiveCfg = Release|Any CPU
		{188DE71C-3BCF-4E0D-8624-EA4D6705E266}.AppStore|x64.Build.0 = Release|Any CPU
		{188DE71C-3BCF-4E0D-8624-EA4D6705E266}.AppStore|x86.ActiveCfg = Release|Any CPU
		{188DE71C-3BCF-4E0D-8624-EA4D6705E266}.AppStore|x86.Build.0 = Release|Any CPU
		{188DE71C-3BCF-4E0D-8624-EA4D6705E266}.Debug|Any CPU.ActiveCfg = Debug|Any CPU
		{188DE71C-3BCF-4E0D-8624-EA4D6705E266}.Debug|Any CPU.Build.0 = Debug|Any CPU
		{188DE71C-3BCF-4E0D-8624-EA4D6705E266}.Debug|ARM.ActiveCfg = Debug|Any CPU
		{188DE71C-3BCF-4E0D-8624-EA4D6705E266}.Debug|ARM.Build.0 = Debug|Any CPU
		{188DE71C-3BCF-4E0D-8624-EA4D6705E266}.Debug|iPhone.ActiveCfg = Debug|Any CPU
		{188DE71C-3BCF-4E0D-8624-EA4D6705E266}.Debug|iPhone.Build.0 = Debug|Any CPU
		{188DE71C-3BCF-4E0D-8624-EA4D6705E266}.Debug|iPhoneSimulator.ActiveCfg = Debug|Any CPU
		{188DE71C-3BCF-4E0D-8624-EA4D6705E266}.Debug|iPhoneSimulator.Build.0 = Debug|Any CPU
		{188DE71C-3BCF-4E0D-8624-EA4D6705E266}.Debug|x64.ActiveCfg = Debug|Any CPU
		{188DE71C-3BCF-4E0D-8624-EA4D6705E266}.Debug|x64.Build.0 = Debug|Any CPU
		{188DE71C-3BCF-4E0D-8624-EA4D6705E266}.Debug|x86.ActiveCfg = Debug|Any CPU
		{188DE71C-3BCF-4E0D-8624-EA4D6705E266}.Debug|x86.Build.0 = Debug|Any CPU
		{188DE71C-3BCF-4E0D-8624-EA4D6705E266}.Release|Any CPU.ActiveCfg = Release|Any CPU
		{188DE71C-3BCF-4E0D-8624-EA4D6705E266}.Release|Any CPU.Build.0 = Release|Any CPU
		{188DE71C-3BCF-4E0D-8624-EA4D6705E266}.Release|ARM.ActiveCfg = Release|Any CPU
		{188DE71C-3BCF-4E0D-8624-EA4D6705E266}.Release|ARM.Build.0 = Release|Any CPU
		{188DE71C-3BCF-4E0D-8624-EA4D6705E266}.Release|iPhone.ActiveCfg = Release|Any CPU
		{188DE71C-3BCF-4E0D-8624-EA4D6705E266}.Release|iPhone.Build.0 = Release|Any CPU
		{188DE71C-3BCF-4E0D-8624-EA4D6705E266}.Release|iPhoneSimulator.ActiveCfg = Release|Any CPU
		{188DE71C-3BCF-4E0D-8624-EA4D6705E266}.Release|iPhoneSimulator.Build.0 = Release|Any CPU
		{188DE71C-3BCF-4E0D-8624-EA4D6705E266}.Release|x64.ActiveCfg = Release|Any CPU
		{188DE71C-3BCF-4E0D-8624-EA4D6705E266}.Release|x64.Build.0 = Release|Any CPU
		{188DE71C-3BCF-4E0D-8624-EA4D6705E266}.Release|x86.ActiveCfg = Release|Any CPU
		{188DE71C-3BCF-4E0D-8624-EA4D6705E266}.Release|x86.Build.0 = Release|Any CPU
		{B20F7830-8AFF-4681-AA9E-BB988898E8F2}.Ad-Hoc|Any CPU.ActiveCfg = Release|Any CPU
		{B20F7830-8AFF-4681-AA9E-BB988898E8F2}.Ad-Hoc|Any CPU.Build.0 = Release|Any CPU
		{B20F7830-8AFF-4681-AA9E-BB988898E8F2}.Ad-Hoc|ARM.ActiveCfg = Release|Any CPU
		{B20F7830-8AFF-4681-AA9E-BB988898E8F2}.Ad-Hoc|ARM.Build.0 = Release|Any CPU
		{B20F7830-8AFF-4681-AA9E-BB988898E8F2}.Ad-Hoc|iPhone.ActiveCfg = Release|Any CPU
		{B20F7830-8AFF-4681-AA9E-BB988898E8F2}.Ad-Hoc|iPhone.Build.0 = Release|Any CPU
		{B20F7830-8AFF-4681-AA9E-BB988898E8F2}.Ad-Hoc|iPhoneSimulator.ActiveCfg = Release|Any CPU
		{B20F7830-8AFF-4681-AA9E-BB988898E8F2}.Ad-Hoc|iPhoneSimulator.Build.0 = Release|Any CPU
		{B20F7830-8AFF-4681-AA9E-BB988898E8F2}.Ad-Hoc|x64.ActiveCfg = Release|Any CPU
		{B20F7830-8AFF-4681-AA9E-BB988898E8F2}.Ad-Hoc|x64.Build.0 = Release|Any CPU
		{B20F7830-8AFF-4681-AA9E-BB988898E8F2}.Ad-Hoc|x86.ActiveCfg = Release|Any CPU
		{B20F7830-8AFF-4681-AA9E-BB988898E8F2}.Ad-Hoc|x86.Build.0 = Release|Any CPU
		{B20F7830-8AFF-4681-AA9E-BB988898E8F2}.AppStore|Any CPU.ActiveCfg = Release|Any CPU
		{B20F7830-8AFF-4681-AA9E-BB988898E8F2}.AppStore|Any CPU.Build.0 = Release|Any CPU
		{B20F7830-8AFF-4681-AA9E-BB988898E8F2}.AppStore|ARM.ActiveCfg = Release|Any CPU
		{B20F7830-8AFF-4681-AA9E-BB988898E8F2}.AppStore|ARM.Build.0 = Release|Any CPU
		{B20F7830-8AFF-4681-AA9E-BB988898E8F2}.AppStore|iPhone.ActiveCfg = Release|Any CPU
		{B20F7830-8AFF-4681-AA9E-BB988898E8F2}.AppStore|iPhone.Build.0 = Release|Any CPU
		{B20F7830-8AFF-4681-AA9E-BB988898E8F2}.AppStore|iPhoneSimulator.ActiveCfg = Release|Any CPU
		{B20F7830-8AFF-4681-AA9E-BB988898E8F2}.AppStore|iPhoneSimulator.Build.0 = Release|Any CPU
		{B20F7830-8AFF-4681-AA9E-BB988898E8F2}.AppStore|x64.ActiveCfg = Release|Any CPU
		{B20F7830-8AFF-4681-AA9E-BB988898E8F2}.AppStore|x64.Build.0 = Release|Any CPU
		{B20F7830-8AFF-4681-AA9E-BB988898E8F2}.AppStore|x86.ActiveCfg = Release|Any CPU
		{B20F7830-8AFF-4681-AA9E-BB988898E8F2}.AppStore|x86.Build.0 = Release|Any CPU
		{B20F7830-8AFF-4681-AA9E-BB988898E8F2}.Debug|Any CPU.ActiveCfg = Debug|Any CPU
		{B20F7830-8AFF-4681-AA9E-BB988898E8F2}.Debug|Any CPU.Build.0 = Debug|Any CPU
		{B20F7830-8AFF-4681-AA9E-BB988898E8F2}.Debug|ARM.ActiveCfg = Debug|Any CPU
		{B20F7830-8AFF-4681-AA9E-BB988898E8F2}.Debug|ARM.Build.0 = Debug|Any CPU
		{B20F7830-8AFF-4681-AA9E-BB988898E8F2}.Debug|iPhone.ActiveCfg = Debug|Any CPU
		{B20F7830-8AFF-4681-AA9E-BB988898E8F2}.Debug|iPhone.Build.0 = Debug|Any CPU
		{B20F7830-8AFF-4681-AA9E-BB988898E8F2}.Debug|iPhoneSimulator.ActiveCfg = Debug|Any CPU
		{B20F7830-8AFF-4681-AA9E-BB988898E8F2}.Debug|iPhoneSimulator.Build.0 = Debug|Any CPU
		{B20F7830-8AFF-4681-AA9E-BB988898E8F2}.Debug|x64.ActiveCfg = Debug|Any CPU
		{B20F7830-8AFF-4681-AA9E-BB988898E8F2}.Debug|x64.Build.0 = Debug|Any CPU
		{B20F7830-8AFF-4681-AA9E-BB988898E8F2}.Debug|x86.ActiveCfg = Debug|Any CPU
		{B20F7830-8AFF-4681-AA9E-BB988898E8F2}.Debug|x86.Build.0 = Debug|Any CPU
		{B20F7830-8AFF-4681-AA9E-BB988898E8F2}.Release|Any CPU.ActiveCfg = Release|Any CPU
		{B20F7830-8AFF-4681-AA9E-BB988898E8F2}.Release|Any CPU.Build.0 = Release|Any CPU
		{B20F7830-8AFF-4681-AA9E-BB988898E8F2}.Release|ARM.ActiveCfg = Release|Any CPU
		{B20F7830-8AFF-4681-AA9E-BB988898E8F2}.Release|ARM.Build.0 = Release|Any CPU
		{B20F7830-8AFF-4681-AA9E-BB988898E8F2}.Release|iPhone.ActiveCfg = Release|Any CPU
		{B20F7830-8AFF-4681-AA9E-BB988898E8F2}.Release|iPhone.Build.0 = Release|Any CPU
		{B20F7830-8AFF-4681-AA9E-BB988898E8F2}.Release|iPhoneSimulator.ActiveCfg = Release|Any CPU
		{B20F7830-8AFF-4681-AA9E-BB988898E8F2}.Release|iPhoneSimulator.Build.0 = Release|Any CPU
		{B20F7830-8AFF-4681-AA9E-BB988898E8F2}.Release|x64.ActiveCfg = Release|Any CPU
		{B20F7830-8AFF-4681-AA9E-BB988898E8F2}.Release|x64.Build.0 = Release|Any CPU
		{B20F7830-8AFF-4681-AA9E-BB988898E8F2}.Release|x86.ActiveCfg = Release|Any CPU
		{B20F7830-8AFF-4681-AA9E-BB988898E8F2}.Release|x86.Build.0 = Release|Any CPU
		{D4CCEEDC-6C32-4C63-BEF3-22082ECBD751}.Ad-Hoc|Any CPU.ActiveCfg = Release|Any CPU
		{D4CCEEDC-6C32-4C63-BEF3-22082ECBD751}.Ad-Hoc|Any CPU.Build.0 = Release|Any CPU
		{D4CCEEDC-6C32-4C63-BEF3-22082ECBD751}.Ad-Hoc|ARM.ActiveCfg = Release|Any CPU
		{D4CCEEDC-6C32-4C63-BEF3-22082ECBD751}.Ad-Hoc|ARM.Build.0 = Release|Any CPU
		{D4CCEEDC-6C32-4C63-BEF3-22082ECBD751}.Ad-Hoc|iPhone.ActiveCfg = Release|Any CPU
		{D4CCEEDC-6C32-4C63-BEF3-22082ECBD751}.Ad-Hoc|iPhone.Build.0 = Release|Any CPU
		{D4CCEEDC-6C32-4C63-BEF3-22082ECBD751}.Ad-Hoc|iPhoneSimulator.ActiveCfg = Release|Any CPU
		{D4CCEEDC-6C32-4C63-BEF3-22082ECBD751}.Ad-Hoc|iPhoneSimulator.Build.0 = Release|Any CPU
		{D4CCEEDC-6C32-4C63-BEF3-22082ECBD751}.Ad-Hoc|x64.ActiveCfg = Release|Any CPU
		{D4CCEEDC-6C32-4C63-BEF3-22082ECBD751}.Ad-Hoc|x64.Build.0 = Release|Any CPU
		{D4CCEEDC-6C32-4C63-BEF3-22082ECBD751}.Ad-Hoc|x86.ActiveCfg = Release|Any CPU
		{D4CCEEDC-6C32-4C63-BEF3-22082ECBD751}.Ad-Hoc|x86.Build.0 = Release|Any CPU
		{D4CCEEDC-6C32-4C63-BEF3-22082ECBD751}.AppStore|Any CPU.ActiveCfg = Release|Any CPU
		{D4CCEEDC-6C32-4C63-BEF3-22082ECBD751}.AppStore|Any CPU.Build.0 = Release|Any CPU
		{D4CCEEDC-6C32-4C63-BEF3-22082ECBD751}.AppStore|ARM.ActiveCfg = Release|Any CPU
		{D4CCEEDC-6C32-4C63-BEF3-22082ECBD751}.AppStore|ARM.Build.0 = Release|Any CPU
		{D4CCEEDC-6C32-4C63-BEF3-22082ECBD751}.AppStore|iPhone.ActiveCfg = Release|Any CPU
		{D4CCEEDC-6C32-4C63-BEF3-22082ECBD751}.AppStore|iPhone.Build.0 = Release|Any CPU
		{D4CCEEDC-6C32-4C63-BEF3-22082ECBD751}.AppStore|iPhoneSimulator.ActiveCfg = Release|Any CPU
		{D4CCEEDC-6C32-4C63-BEF3-22082ECBD751}.AppStore|iPhoneSimulator.Build.0 = Release|Any CPU
		{D4CCEEDC-6C32-4C63-BEF3-22082ECBD751}.AppStore|x64.ActiveCfg = Release|Any CPU
		{D4CCEEDC-6C32-4C63-BEF3-22082ECBD751}.AppStore|x64.Build.0 = Release|Any CPU
		{D4CCEEDC-6C32-4C63-BEF3-22082ECBD751}.AppStore|x86.ActiveCfg = Release|Any CPU
		{D4CCEEDC-6C32-4C63-BEF3-22082ECBD751}.AppStore|x86.Build.0 = Release|Any CPU
		{D4CCEEDC-6C32-4C63-BEF3-22082ECBD751}.Debug|Any CPU.ActiveCfg = Debug|Any CPU
		{D4CCEEDC-6C32-4C63-BEF3-22082ECBD751}.Debug|Any CPU.Build.0 = Debug|Any CPU
		{D4CCEEDC-6C32-4C63-BEF3-22082ECBD751}.Debug|ARM.ActiveCfg = Debug|Any CPU
		{D4CCEEDC-6C32-4C63-BEF3-22082ECBD751}.Debug|ARM.Build.0 = Debug|Any CPU
		{D4CCEEDC-6C32-4C63-BEF3-22082ECBD751}.Debug|iPhone.ActiveCfg = Debug|Any CPU
		{D4CCEEDC-6C32-4C63-BEF3-22082ECBD751}.Debug|iPhone.Build.0 = Debug|Any CPU
		{D4CCEEDC-6C32-4C63-BEF3-22082ECBD751}.Debug|iPhoneSimulator.ActiveCfg = Debug|Any CPU
		{D4CCEEDC-6C32-4C63-BEF3-22082ECBD751}.Debug|iPhoneSimulator.Build.0 = Debug|Any CPU
		{D4CCEEDC-6C32-4C63-BEF3-22082ECBD751}.Debug|x64.ActiveCfg = Debug|Any CPU
		{D4CCEEDC-6C32-4C63-BEF3-22082ECBD751}.Debug|x64.Build.0 = Debug|Any CPU
		{D4CCEEDC-6C32-4C63-BEF3-22082ECBD751}.Debug|x86.ActiveCfg = Debug|Any CPU
		{D4CCEEDC-6C32-4C63-BEF3-22082ECBD751}.Debug|x86.Build.0 = Debug|Any CPU
		{D4CCEEDC-6C32-4C63-BEF3-22082ECBD751}.Release|Any CPU.ActiveCfg = Release|Any CPU
		{D4CCEEDC-6C32-4C63-BEF3-22082ECBD751}.Release|Any CPU.Build.0 = Release|Any CPU
		{D4CCEEDC-6C32-4C63-BEF3-22082ECBD751}.Release|ARM.ActiveCfg = Release|Any CPU
		{D4CCEEDC-6C32-4C63-BEF3-22082ECBD751}.Release|ARM.Build.0 = Release|Any CPU
		{D4CCEEDC-6C32-4C63-BEF3-22082ECBD751}.Release|iPhone.ActiveCfg = Release|Any CPU
		{D4CCEEDC-6C32-4C63-BEF3-22082ECBD751}.Release|iPhone.Build.0 = Release|Any CPU
		{D4CCEEDC-6C32-4C63-BEF3-22082ECBD751}.Release|iPhoneSimulator.ActiveCfg = Release|Any CPU
		{D4CCEEDC-6C32-4C63-BEF3-22082ECBD751}.Release|iPhoneSimulator.Build.0 = Release|Any CPU
		{D4CCEEDC-6C32-4C63-BEF3-22082ECBD751}.Release|x64.ActiveCfg = Release|Any CPU
		{D4CCEEDC-6C32-4C63-BEF3-22082ECBD751}.Release|x64.Build.0 = Release|Any CPU
		{D4CCEEDC-6C32-4C63-BEF3-22082ECBD751}.Release|x86.ActiveCfg = Release|Any CPU
		{D4CCEEDC-6C32-4C63-BEF3-22082ECBD751}.Release|x86.Build.0 = Release|Any CPU
		{B305E0E7-9C54-47BE-A50E-C4A4E2001F6F}.Ad-Hoc|Any CPU.ActiveCfg = Release|Any CPU
		{B305E0E7-9C54-47BE-A50E-C4A4E2001F6F}.Ad-Hoc|Any CPU.Build.0 = Release|Any CPU
		{B305E0E7-9C54-47BE-A50E-C4A4E2001F6F}.Ad-Hoc|ARM.ActiveCfg = Release|Any CPU
		{B305E0E7-9C54-47BE-A50E-C4A4E2001F6F}.Ad-Hoc|ARM.Build.0 = Release|Any CPU
		{B305E0E7-9C54-47BE-A50E-C4A4E2001F6F}.Ad-Hoc|iPhone.ActiveCfg = Release|Any CPU
		{B305E0E7-9C54-47BE-A50E-C4A4E2001F6F}.Ad-Hoc|iPhone.Build.0 = Release|Any CPU
		{B305E0E7-9C54-47BE-A50E-C4A4E2001F6F}.Ad-Hoc|iPhoneSimulator.ActiveCfg = Release|Any CPU
		{B305E0E7-9C54-47BE-A50E-C4A4E2001F6F}.Ad-Hoc|iPhoneSimulator.Build.0 = Release|Any CPU
		{B305E0E7-9C54-47BE-A50E-C4A4E2001F6F}.Ad-Hoc|x64.ActiveCfg = Release|Any CPU
		{B305E0E7-9C54-47BE-A50E-C4A4E2001F6F}.Ad-Hoc|x64.Build.0 = Release|Any CPU
		{B305E0E7-9C54-47BE-A50E-C4A4E2001F6F}.Ad-Hoc|x86.ActiveCfg = Release|Any CPU
		{B305E0E7-9C54-47BE-A50E-C4A4E2001F6F}.Ad-Hoc|x86.Build.0 = Release|Any CPU
		{B305E0E7-9C54-47BE-A50E-C4A4E2001F6F}.AppStore|Any CPU.ActiveCfg = Release|Any CPU
		{B305E0E7-9C54-47BE-A50E-C4A4E2001F6F}.AppStore|Any CPU.Build.0 = Release|Any CPU
		{B305E0E7-9C54-47BE-A50E-C4A4E2001F6F}.AppStore|ARM.ActiveCfg = Release|Any CPU
		{B305E0E7-9C54-47BE-A50E-C4A4E2001F6F}.AppStore|ARM.Build.0 = Release|Any CPU
		{B305E0E7-9C54-47BE-A50E-C4A4E2001F6F}.AppStore|iPhone.ActiveCfg = Release|Any CPU
		{B305E0E7-9C54-47BE-A50E-C4A4E2001F6F}.AppStore|iPhone.Build.0 = Release|Any CPU
		{B305E0E7-9C54-47BE-A50E-C4A4E2001F6F}.AppStore|iPhoneSimulator.ActiveCfg = Release|Any CPU
		{B305E0E7-9C54-47BE-A50E-C4A4E2001F6F}.AppStore|iPhoneSimulator.Build.0 = Release|Any CPU
		{B305E0E7-9C54-47BE-A50E-C4A4E2001F6F}.AppStore|x64.ActiveCfg = Release|Any CPU
		{B305E0E7-9C54-47BE-A50E-C4A4E2001F6F}.AppStore|x64.Build.0 = Release|Any CPU
		{B305E0E7-9C54-47BE-A50E-C4A4E2001F6F}.AppStore|x86.ActiveCfg = Release|Any CPU
		{B305E0E7-9C54-47BE-A50E-C4A4E2001F6F}.AppStore|x86.Build.0 = Release|Any CPU
		{B305E0E7-9C54-47BE-A50E-C4A4E2001F6F}.Debug|Any CPU.ActiveCfg = Debug|Any CPU
		{B305E0E7-9C54-47BE-A50E-C4A4E2001F6F}.Debug|Any CPU.Build.0 = Debug|Any CPU
		{B305E0E7-9C54-47BE-A50E-C4A4E2001F6F}.Debug|ARM.ActiveCfg = Debug|Any CPU
		{B305E0E7-9C54-47BE-A50E-C4A4E2001F6F}.Debug|ARM.Build.0 = Debug|Any CPU
		{B305E0E7-9C54-47BE-A50E-C4A4E2001F6F}.Debug|iPhone.ActiveCfg = Debug|Any CPU
		{B305E0E7-9C54-47BE-A50E-C4A4E2001F6F}.Debug|iPhone.Build.0 = Debug|Any CPU
		{B305E0E7-9C54-47BE-A50E-C4A4E2001F6F}.Debug|iPhoneSimulator.ActiveCfg = Debug|Any CPU
		{B305E0E7-9C54-47BE-A50E-C4A4E2001F6F}.Debug|iPhoneSimulator.Build.0 = Debug|Any CPU
		{B305E0E7-9C54-47BE-A50E-C4A4E2001F6F}.Debug|x64.ActiveCfg = Debug|Any CPU
		{B305E0E7-9C54-47BE-A50E-C4A4E2001F6F}.Debug|x64.Build.0 = Debug|Any CPU
		{B305E0E7-9C54-47BE-A50E-C4A4E2001F6F}.Debug|x86.ActiveCfg = Debug|Any CPU
		{B305E0E7-9C54-47BE-A50E-C4A4E2001F6F}.Debug|x86.Build.0 = Debug|Any CPU
		{B305E0E7-9C54-47BE-A50E-C4A4E2001F6F}.Release|Any CPU.ActiveCfg = Release|Any CPU
		{B305E0E7-9C54-47BE-A50E-C4A4E2001F6F}.Release|Any CPU.Build.0 = Release|Any CPU
		{B305E0E7-9C54-47BE-A50E-C4A4E2001F6F}.Release|ARM.ActiveCfg = Release|Any CPU
		{B305E0E7-9C54-47BE-A50E-C4A4E2001F6F}.Release|ARM.Build.0 = Release|Any CPU
		{B305E0E7-9C54-47BE-A50E-C4A4E2001F6F}.Release|iPhone.ActiveCfg = Release|Any CPU
		{B305E0E7-9C54-47BE-A50E-C4A4E2001F6F}.Release|iPhone.Build.0 = Release|Any CPU
		{B305E0E7-9C54-47BE-A50E-C4A4E2001F6F}.Release|iPhoneSimulator.ActiveCfg = Release|Any CPU
		{B305E0E7-9C54-47BE-A50E-C4A4E2001F6F}.Release|iPhoneSimulator.Build.0 = Release|Any CPU
		{B305E0E7-9C54-47BE-A50E-C4A4E2001F6F}.Release|x64.ActiveCfg = Release|Any CPU
		{B305E0E7-9C54-47BE-A50E-C4A4E2001F6F}.Release|x64.Build.0 = Release|Any CPU
		{B305E0E7-9C54-47BE-A50E-C4A4E2001F6F}.Release|x86.ActiveCfg = Release|Any CPU
		{B305E0E7-9C54-47BE-A50E-C4A4E2001F6F}.Release|x86.Build.0 = Release|Any CPU
		{491B9B2B-54CE-4277-985B-634F5172BD6D}.Ad-Hoc|Any CPU.ActiveCfg = Release|Any CPU
		{491B9B2B-54CE-4277-985B-634F5172BD6D}.Ad-Hoc|Any CPU.Build.0 = Release|Any CPU
		{491B9B2B-54CE-4277-985B-634F5172BD6D}.Ad-Hoc|ARM.ActiveCfg = Release|Any CPU
		{491B9B2B-54CE-4277-985B-634F5172BD6D}.Ad-Hoc|ARM.Build.0 = Release|Any CPU
		{491B9B2B-54CE-4277-985B-634F5172BD6D}.Ad-Hoc|iPhone.ActiveCfg = Release|Any CPU
		{491B9B2B-54CE-4277-985B-634F5172BD6D}.Ad-Hoc|iPhone.Build.0 = Release|Any CPU
		{491B9B2B-54CE-4277-985B-634F5172BD6D}.Ad-Hoc|iPhoneSimulator.ActiveCfg = Release|Any CPU
		{491B9B2B-54CE-4277-985B-634F5172BD6D}.Ad-Hoc|iPhoneSimulator.Build.0 = Release|Any CPU
		{491B9B2B-54CE-4277-985B-634F5172BD6D}.Ad-Hoc|x64.ActiveCfg = Release|Any CPU
		{491B9B2B-54CE-4277-985B-634F5172BD6D}.Ad-Hoc|x64.Build.0 = Release|Any CPU
		{491B9B2B-54CE-4277-985B-634F5172BD6D}.Ad-Hoc|x86.ActiveCfg = Release|Any CPU
		{491B9B2B-54CE-4277-985B-634F5172BD6D}.Ad-Hoc|x86.Build.0 = Release|Any CPU
		{491B9B2B-54CE-4277-985B-634F5172BD6D}.AppStore|Any CPU.ActiveCfg = Release|Any CPU
		{491B9B2B-54CE-4277-985B-634F5172BD6D}.AppStore|Any CPU.Build.0 = Release|Any CPU
		{491B9B2B-54CE-4277-985B-634F5172BD6D}.AppStore|ARM.ActiveCfg = Release|Any CPU
		{491B9B2B-54CE-4277-985B-634F5172BD6D}.AppStore|ARM.Build.0 = Release|Any CPU
		{491B9B2B-54CE-4277-985B-634F5172BD6D}.AppStore|iPhone.ActiveCfg = Release|Any CPU
		{491B9B2B-54CE-4277-985B-634F5172BD6D}.AppStore|iPhone.Build.0 = Release|Any CPU
		{491B9B2B-54CE-4277-985B-634F5172BD6D}.AppStore|iPhoneSimulator.ActiveCfg = Release|Any CPU
		{491B9B2B-54CE-4277-985B-634F5172BD6D}.AppStore|iPhoneSimulator.Build.0 = Release|Any CPU
		{491B9B2B-54CE-4277-985B-634F5172BD6D}.AppStore|x64.ActiveCfg = Release|Any CPU
		{491B9B2B-54CE-4277-985B-634F5172BD6D}.AppStore|x64.Build.0 = Release|Any CPU
		{491B9B2B-54CE-4277-985B-634F5172BD6D}.AppStore|x86.ActiveCfg = Release|Any CPU
		{491B9B2B-54CE-4277-985B-634F5172BD6D}.AppStore|x86.Build.0 = Release|Any CPU
		{491B9B2B-54CE-4277-985B-634F5172BD6D}.Debug|Any CPU.ActiveCfg = Debug|Any CPU
		{491B9B2B-54CE-4277-985B-634F5172BD6D}.Debug|Any CPU.Build.0 = Debug|Any CPU
		{491B9B2B-54CE-4277-985B-634F5172BD6D}.Debug|ARM.ActiveCfg = Debug|Any CPU
		{491B9B2B-54CE-4277-985B-634F5172BD6D}.Debug|ARM.Build.0 = Debug|Any CPU
		{491B9B2B-54CE-4277-985B-634F5172BD6D}.Debug|iPhone.ActiveCfg = Debug|Any CPU
		{491B9B2B-54CE-4277-985B-634F5172BD6D}.Debug|iPhone.Build.0 = Debug|Any CPU
		{491B9B2B-54CE-4277-985B-634F5172BD6D}.Debug|iPhoneSimulator.ActiveCfg = Debug|Any CPU
		{491B9B2B-54CE-4277-985B-634F5172BD6D}.Debug|iPhoneSimulator.Build.0 = Debug|Any CPU
		{491B9B2B-54CE-4277-985B-634F5172BD6D}.Debug|x64.ActiveCfg = Debug|Any CPU
		{491B9B2B-54CE-4277-985B-634F5172BD6D}.Debug|x64.Build.0 = Debug|Any CPU
		{491B9B2B-54CE-4277-985B-634F5172BD6D}.Debug|x86.ActiveCfg = Debug|Any CPU
		{491B9B2B-54CE-4277-985B-634F5172BD6D}.Debug|x86.Build.0 = Debug|Any CPU
		{491B9B2B-54CE-4277-985B-634F5172BD6D}.Release|Any CPU.ActiveCfg = Release|Any CPU
		{491B9B2B-54CE-4277-985B-634F5172BD6D}.Release|Any CPU.Build.0 = Release|Any CPU
		{491B9B2B-54CE-4277-985B-634F5172BD6D}.Release|ARM.ActiveCfg = Release|Any CPU
		{491B9B2B-54CE-4277-985B-634F5172BD6D}.Release|ARM.Build.0 = Release|Any CPU
		{491B9B2B-54CE-4277-985B-634F5172BD6D}.Release|iPhone.ActiveCfg = Release|Any CPU
		{491B9B2B-54CE-4277-985B-634F5172BD6D}.Release|iPhone.Build.0 = Release|Any CPU
		{491B9B2B-54CE-4277-985B-634F5172BD6D}.Release|iPhoneSimulator.ActiveCfg = Release|Any CPU
		{491B9B2B-54CE-4277-985B-634F5172BD6D}.Release|iPhoneSimulator.Build.0 = Release|Any CPU
		{491B9B2B-54CE-4277-985B-634F5172BD6D}.Release|x64.ActiveCfg = Release|Any CPU
		{491B9B2B-54CE-4277-985B-634F5172BD6D}.Release|x64.Build.0 = Release|Any CPU
		{491B9B2B-54CE-4277-985B-634F5172BD6D}.Release|x86.ActiveCfg = Release|Any CPU
		{491B9B2B-54CE-4277-985B-634F5172BD6D}.Release|x86.Build.0 = Release|Any CPU
		{3E54EC8B-ED5F-429A-84CC-4894B0DFF0B0}.Ad-Hoc|Any CPU.ActiveCfg = Release|Any CPU
		{3E54EC8B-ED5F-429A-84CC-4894B0DFF0B0}.Ad-Hoc|Any CPU.Build.0 = Release|Any CPU
		{3E54EC8B-ED5F-429A-84CC-4894B0DFF0B0}.Ad-Hoc|ARM.ActiveCfg = Release|Any CPU
		{3E54EC8B-ED5F-429A-84CC-4894B0DFF0B0}.Ad-Hoc|ARM.Build.0 = Release|Any CPU
		{3E54EC8B-ED5F-429A-84CC-4894B0DFF0B0}.Ad-Hoc|iPhone.ActiveCfg = Release|Any CPU
		{3E54EC8B-ED5F-429A-84CC-4894B0DFF0B0}.Ad-Hoc|iPhone.Build.0 = Release|Any CPU
		{3E54EC8B-ED5F-429A-84CC-4894B0DFF0B0}.Ad-Hoc|iPhoneSimulator.ActiveCfg = Release|Any CPU
		{3E54EC8B-ED5F-429A-84CC-4894B0DFF0B0}.Ad-Hoc|iPhoneSimulator.Build.0 = Release|Any CPU
		{3E54EC8B-ED5F-429A-84CC-4894B0DFF0B0}.Ad-Hoc|x64.ActiveCfg = Release|Any CPU
		{3E54EC8B-ED5F-429A-84CC-4894B0DFF0B0}.Ad-Hoc|x64.Build.0 = Release|Any CPU
		{3E54EC8B-ED5F-429A-84CC-4894B0DFF0B0}.Ad-Hoc|x86.ActiveCfg = Release|Any CPU
		{3E54EC8B-ED5F-429A-84CC-4894B0DFF0B0}.Ad-Hoc|x86.Build.0 = Release|Any CPU
		{3E54EC8B-ED5F-429A-84CC-4894B0DFF0B0}.AppStore|Any CPU.ActiveCfg = Release|Any CPU
		{3E54EC8B-ED5F-429A-84CC-4894B0DFF0B0}.AppStore|Any CPU.Build.0 = Release|Any CPU
		{3E54EC8B-ED5F-429A-84CC-4894B0DFF0B0}.AppStore|ARM.ActiveCfg = Release|Any CPU
		{3E54EC8B-ED5F-429A-84CC-4894B0DFF0B0}.AppStore|ARM.Build.0 = Release|Any CPU
		{3E54EC8B-ED5F-429A-84CC-4894B0DFF0B0}.AppStore|iPhone.ActiveCfg = Release|Any CPU
		{3E54EC8B-ED5F-429A-84CC-4894B0DFF0B0}.AppStore|iPhone.Build.0 = Release|Any CPU
		{3E54EC8B-ED5F-429A-84CC-4894B0DFF0B0}.AppStore|iPhoneSimulator.ActiveCfg = Release|Any CPU
		{3E54EC8B-ED5F-429A-84CC-4894B0DFF0B0}.AppStore|iPhoneSimulator.Build.0 = Release|Any CPU
		{3E54EC8B-ED5F-429A-84CC-4894B0DFF0B0}.AppStore|x64.ActiveCfg = Release|Any CPU
		{3E54EC8B-ED5F-429A-84CC-4894B0DFF0B0}.AppStore|x64.Build.0 = Release|Any CPU
		{3E54EC8B-ED5F-429A-84CC-4894B0DFF0B0}.AppStore|x86.ActiveCfg = Release|Any CPU
		{3E54EC8B-ED5F-429A-84CC-4894B0DFF0B0}.AppStore|x86.Build.0 = Release|Any CPU
		{3E54EC8B-ED5F-429A-84CC-4894B0DFF0B0}.Debug|Any CPU.ActiveCfg = Debug|Any CPU
		{3E54EC8B-ED5F-429A-84CC-4894B0DFF0B0}.Debug|Any CPU.Build.0 = Debug|Any CPU
		{3E54EC8B-ED5F-429A-84CC-4894B0DFF0B0}.Debug|ARM.ActiveCfg = Debug|Any CPU
		{3E54EC8B-ED5F-429A-84CC-4894B0DFF0B0}.Debug|ARM.Build.0 = Debug|Any CPU
		{3E54EC8B-ED5F-429A-84CC-4894B0DFF0B0}.Debug|iPhone.ActiveCfg = Debug|Any CPU
		{3E54EC8B-ED5F-429A-84CC-4894B0DFF0B0}.Debug|iPhone.Build.0 = Debug|Any CPU
		{3E54EC8B-ED5F-429A-84CC-4894B0DFF0B0}.Debug|iPhoneSimulator.ActiveCfg = Debug|Any CPU
		{3E54EC8B-ED5F-429A-84CC-4894B0DFF0B0}.Debug|iPhoneSimulator.Build.0 = Debug|Any CPU
		{3E54EC8B-ED5F-429A-84CC-4894B0DFF0B0}.Debug|x64.ActiveCfg = Debug|Any CPU
		{3E54EC8B-ED5F-429A-84CC-4894B0DFF0B0}.Debug|x64.Build.0 = Debug|Any CPU
		{3E54EC8B-ED5F-429A-84CC-4894B0DFF0B0}.Debug|x86.ActiveCfg = Debug|Any CPU
		{3E54EC8B-ED5F-429A-84CC-4894B0DFF0B0}.Debug|x86.Build.0 = Debug|Any CPU
		{3E54EC8B-ED5F-429A-84CC-4894B0DFF0B0}.Release|Any CPU.ActiveCfg = Release|Any CPU
		{3E54EC8B-ED5F-429A-84CC-4894B0DFF0B0}.Release|Any CPU.Build.0 = Release|Any CPU
		{3E54EC8B-ED5F-429A-84CC-4894B0DFF0B0}.Release|ARM.ActiveCfg = Release|Any CPU
		{3E54EC8B-ED5F-429A-84CC-4894B0DFF0B0}.Release|ARM.Build.0 = Release|Any CPU
		{3E54EC8B-ED5F-429A-84CC-4894B0DFF0B0}.Release|iPhone.ActiveCfg = Release|Any CPU
		{3E54EC8B-ED5F-429A-84CC-4894B0DFF0B0}.Release|iPhone.Build.0 = Release|Any CPU
		{3E54EC8B-ED5F-429A-84CC-4894B0DFF0B0}.Release|iPhoneSimulator.ActiveCfg = Release|Any CPU
		{3E54EC8B-ED5F-429A-84CC-4894B0DFF0B0}.Release|iPhoneSimulator.Build.0 = Release|Any CPU
		{3E54EC8B-ED5F-429A-84CC-4894B0DFF0B0}.Release|x64.ActiveCfg = Release|Any CPU
		{3E54EC8B-ED5F-429A-84CC-4894B0DFF0B0}.Release|x64.Build.0 = Release|Any CPU
		{3E54EC8B-ED5F-429A-84CC-4894B0DFF0B0}.Release|x86.ActiveCfg = Release|Any CPU
		{3E54EC8B-ED5F-429A-84CC-4894B0DFF0B0}.Release|x86.Build.0 = Release|Any CPU
	EndGlobalSection
	GlobalSection(SolutionProperties) = preSolution
		HideSolutionNode = FALSE
	EndGlobalSection
	GlobalSection(NestedProjects) = preSolution
		{123D5A99-E046-45BB-BE60-A40668659994} = {57DF0B22-CE7B-47B1-85F2-20DDD40A4629}
		{188DE71C-3BCF-4E0D-8624-EA4D6705E266} = {57DF0B22-CE7B-47B1-85F2-20DDD40A4629}
		{B20F7830-8AFF-4681-AA9E-BB988898E8F2} = {69766B2F-1628-47A2-A749-EA6B67AAE64C}
		{D4CCEEDC-6C32-4C63-BEF3-22082ECBD751} = {69766B2F-1628-47A2-A749-EA6B67AAE64C}
		{B305E0E7-9C54-47BE-A50E-C4A4E2001F6F} = {57DF0B22-CE7B-47B1-85F2-20DDD40A4629}
		{491B9B2B-54CE-4277-985B-634F5172BD6D} = {69766B2F-1628-47A2-A749-EA6B67AAE64C}
		{3E54EC8B-ED5F-429A-84CC-4894B0DFF0B0} = {69766B2F-1628-47A2-A749-EA6B67AAE64C}
	EndGlobalSection
	GlobalSection(ExtensibilityGlobals) = postSolution
		SolutionGuid = {7104708D-DA0F-4EA2-B146-70256FD6A1B4}
	EndGlobalSection
EndGlobal
